
Microsoft Visual Studio Solution File, Format Version 12.00
# Visual Studio 2012
Project("{F184B08F-C81C-45F6-A57F-5ABD9991F28F}") = "MediaManagerSPA", "SPA\MediaManagerSPA.vbproj", "{27BAD3BF-05EE-4A89-8786-1B4A778AAF4A}"
EndProject
Project("{F184B08F-C81C-45F6-A57F-5ABD9991F28F}") = "MediaManager2010", "DBS\MediaManager2010.vbproj", "{023C00D4-5CDE-4D3F-B061-870A34E7945E}"
EndProject
Project("{F184B08F-C81C-45F6-A57F-5ABD9991F28F}") = "ean2imdb", "ean2imdb\Tester\ean2imdb.vbproj", "{FBC27EDA-4DCC-47FC-9AEF-C01707BBA577}"
EndProject
Project("{FAE04EC0-301F-11D3-BF4B-00C04F79EFBC}") = "MovieStackService", "MovieStackService\MovieStackService.csproj", "{57004564-AE2D-4C8A-9144-E2C4CEA0FD01}"
EndProject
Project("{FAE04EC0-301F-11D3-BF4B-00C04F79EFBC}") = "MovieStackService.Tests", "MovieStackService.Tests\MovieStackService.Tests.csproj", "{C701FB12-8C24-4D1A-B92F-A0FF57D36BB0}"
EndProject
Global
	GlobalSection(SolutionConfigurationPlatforms) = preSolution
		Azure|Any CPU = Azure|Any CPU
		Debug|Any CPU = Debug|Any CPU
		Release|Any CPU = Release|Any CPU
	EndGlobalSection
	GlobalSection(ProjectConfigurationPlatforms) = postSolution
		{27BAD3BF-05EE-4A89-8786-1B4A778AAF4A}.Azure|Any CPU.ActiveCfg = Release|Any CPU
		{27BAD3BF-05EE-4A89-8786-1B4A778AAF4A}.Azure|Any CPU.Build.0 = Release|Any CPU
		{27BAD3BF-05EE-4A89-8786-1B4A778AAF4A}.Debug|Any CPU.ActiveCfg = Debug|Any CPU
		{27BAD3BF-05EE-4A89-8786-1B4A778AAF4A}.Debug|Any CPU.Build.0 = Debug|Any CPU
		{27BAD3BF-05EE-4A89-8786-1B4A778AAF4A}.Release|Any CPU.ActiveCfg = Release|Any CPU
		{27BAD3BF-05EE-4A89-8786-1B4A778AAF4A}.Release|Any CPU.Build.0 = Release|Any CPU
		{023C00D4-5CDE-4D3F-B061-870A34E7945E}.Azure|Any CPU.ActiveCfg = Azure|Any CPU
		{023C00D4-5CDE-4D3F-B061-870A34E7945E}.Azure|Any CPU.Build.0 = Azure|Any CPU
		{023C00D4-5CDE-4D3F-B061-870A34E7945E}.Debug|Any CPU.ActiveCfg = Debug|Any CPU
		{023C00D4-5CDE-4D3F-B061-870A34E7945E}.Debug|Any CPU.Build.0 = Debug|Any CPU
		{023C00D4-5CDE-4D3F-B061-870A34E7945E}.Release|Any CPU.ActiveCfg = Release|Any CPU
		{023C00D4-5CDE-4D3F-B061-870A34E7945E}.Release|Any CPU.Build.0 = Release|Any CPU
		{FBC27EDA-4DCC-47FC-9AEF-C01707BBA577}.Azure|Any CPU.ActiveCfg = Release|Any CPU
		{FBC27EDA-4DCC-47FC-9AEF-C01707BBA577}.Azure|Any CPU.Build.0 = Release|Any CPU
		{FBC27EDA-4DCC-47FC-9AEF-C01707BBA577}.Debug|Any CPU.ActiveCfg = Debug|Any CPU
		{FBC27EDA-4DCC-47FC-9AEF-C01707BBA577}.Debug|Any CPU.Build.0 = Debug|Any CPU
		{FBC27EDA-4DCC-47FC-9AEF-C01707BBA577}.Release|Any CPU.ActiveCfg = Release|Any CPU
		{FBC27EDA-4DCC-47FC-9AEF-C01707BBA577}.Release|Any CPU.Build.0 = Release|Any CPU
		{57004564-AE2D-4C8A-9144-E2C4CEA0FD01}.Azure|Any CPU.ActiveCfg = Release|Any CPU
		{57004564-AE2D-4C8A-9144-E2C4CEA0FD01}.Azure|Any CPU.Build.0 = Release|Any CPU
		{57004564-AE2D-4C8A-9144-E2C4CEA0FD01}.Debug|Any CPU.ActiveCfg = Debug|Any CPU
		{57004564-AE2D-4C8A-9144-E2C4CEA0FD01}.Debug|Any CPU.Build.0 = Debug|Any CPU
		{57004564-AE2D-4C8A-9144-E2C4CEA0FD01}.Release|Any CPU.ActiveCfg = Release|Any CPU
		{57004564-AE2D-4C8A-9144-E2C4CEA0FD01}.Release|Any CPU.Build.0 = Release|Any CPU
		{C701FB12-8C24-4D1A-B92F-A0FF57D36BB0}.Azure|Any CPU.ActiveCfg = Release|Any CPU
		{C701FB12-8C24-4D1A-B92F-A0FF57D36BB0}.Azure|Any CPU.Build.0 = Release|Any CPU
		{C701FB12-8C24-4D1A-B92F-A0FF57D36BB0}.Debug|Any CPU.ActiveCfg = Debug|Any CPU
		{C701FB12-8C24-4D1A-B92F-A0FF57D36BB0}.Debug|Any CPU.Build.0 = Debug|Any CPU
		{C701FB12-8C24-4D1A-B92F-A0FF57D36BB0}.Release|Any CPU.ActiveCfg = Release|Any CPU
		{C701FB12-8C24-4D1A-B92F-A0FF57D36BB0}.Release|Any CPU.Build.0 = Release|Any CPU
	EndGlobalSection
	GlobalSection(SolutionProperties) = preSolution
		HideSolutionNode = FALSE
	EndGlobalSection
EndGlobal
