
Microsoft Visual Studio Solution File, Format Version 12.00
# Visual Studio 2012
Project("{F184B08F-C81C-45F6-A57F-5ABD9991F28F}") = "MediaManagerSPA", "SPA\MediaManagerSPA.vbproj", "{27BAD3BF-05EE-4A89-8786-1B4A778AAF4A}"
EndProject
Project("{F184B08F-C81C-45F6-A57F-5ABD9991F28F}") = "MediaManager2010", "DBS\MediaManager2010.vbproj", "{023C00D4-5CDE-4D3F-B061-870A34E7945E}"
EndProject
Project("{F184B08F-C81C-45F6-A57F-5ABD9991F28F}") = "ean2imdb", "ean2imdb\Tester\ean2imdb.vbproj", "{FBC27EDA-4DCC-47FC-9AEF-C01707BBA577}"
EndProject
Global
	GlobalSection(SolutionConfigurationPlatforms) = preSolution
		Azure|Any CPU = Azure|Any CPU
		Debug|Any CPU = Debug|Any CPU
		Release|Any CPU = Release|Any CPU
	EndGlobalSection
	GlobalSection(ProjectConfigurationPlatforms) = postSolution
		{27BAD3BF-05EE-4A89-8786-1B4A778AAF4A}.Azure|Any CPU.ActiveCfg = Release|Any CPU
		{27BAD3BF-05EE-4A89-8786-1B4A778AAF4A}.Azure|Any CPU.Build.0 = Release|Any CPU
		{27BAD3BF-05EE-4A89-8786-1B4A778AAF4A}.Debug|Any CPU.ActiveCfg = Debug|Any CPU
		{27BAD3BF-05EE-4A89-8786-1B4A778AAF4A}.Debug|Any CPU.Build.0 = Debug|Any CPU
		{27BAD3BF-05EE-4A89-8786-1B4A778AAF4A}.Release|Any CPU.ActiveCfg = Release|Any CPU
		{27BAD3BF-05EE-4A89-8786-1B4A778AAF4A}.Release|Any CPU.Build.0 = Release|Any CPU
		{023C00D4-5CDE-4D3F-B061-870A34E7945E}.Azure|Any CPU.ActiveCfg = Azure|Any CPU
		{023C00D4-5CDE-4D3F-B061-870A34E7945E}.Azure|Any CPU.Build.0 = Azure|Any CPU
		{023C00D4-5CDE-4D3F-B061-870A34E7945E}.Debug|Any CPU.ActiveCfg = Debug|Any CPU
		{023C00D4-5CDE-4D3F-B061-870A34E7945E}.Debug|Any CPU.Build.0 = Debug|Any CPU
		{023C00D4-5CDE-4D3F-B061-870A34E7945E}.Release|Any CPU.ActiveCfg = Release|Any CPU
		{023C00D4-5CDE-4D3F-B061-870A34E7945E}.Release|Any CPU.Build.0 = Release|Any CPU
		{FBC27EDA-4DCC-47FC-9AEF-C01707BBA577}.Azure|Any CPU.ActiveCfg = Release|Any CPU
		{FBC27EDA-4DCC-47FC-9AEF-C01707BBA577}.Azure|Any CPU.Build.0 = Release|Any CPU
		{FBC27EDA-4DCC-47FC-9AEF-C01707BBA577}.Debug|Any CPU.ActiveCfg = Debug|Any CPU
		{FBC27EDA-4DCC-47FC-9AEF-C01707BBA577}.Debug|Any CPU.Build.0 = Debug|Any CPU
		{FBC27EDA-4DCC-47FC-9AEF-C01707BBA577}.Release|Any CPU.ActiveCfg = Release|Any CPU
		{FBC27EDA-4DCC-47FC-9AEF-C01707BBA577}.Release|Any CPU.Build.0 = Release|Any CPU
	EndGlobalSection
	GlobalSection(SolutionProperties) = preSolution
		HideSolutionNode = FALSE
	EndGlobalSection
EndGlobal
